
Microsoft Visual Studio Solution File, Format Version 12.00
# Visual Studio 15
VisualStudioVersion = 15.0.27428.1
MinimumVisualStudioVersion = 10.0.40219.1
Project("{9A19103F-16F7-4668-BE54-9A1E7A4F7556}") = "CoursSharp", "CoursSharp\CoursSharp.csproj", "{21871738-4835-44CA-AC5E-AB76F29DF685}"
EndProject
Project("{9A19103F-16F7-4668-BE54-9A1E7A4F7556}") = "PassageTableau", "PassageTableau\PassageTableau.csproj", "{DEF56041-21A8-4365-8676-4A29A8A5E18D}"
EndProject
Project("{9A19103F-16F7-4668-BE54-9A1E7A4F7556}") = "CoursAdoNet", "CoursAdoNet\CoursAdoNet.csproj", "{DBEAD6F7-8B6A-460C-B9A4-B29B07A7C3F4}"
EndProject
Project("{9A19103F-16F7-4668-BE54-9A1E7A4F7556}") = "CoursAdoNetDeconnecte", "CoursAdoNetDeconnecte\CoursAdoNetDeconnecte.csproj", "{730F8529-70EE-46BD-94B4-661B7FB81693}"
EndProject
Project("{9A19103F-16F7-4668-BE54-9A1E7A4F7556}") = "CoursMultiThreading", "CoursMultiThreading\CoursMultiThreading.csproj", "{243013F4-247E-439C-86F1-234B85CD4283}"
EndProject
Project("{9A19103F-16F7-4668-BE54-9A1E7A4F7556}") = "TPBaignoire", "TPBaignoire\TPBaignoire.csproj", "{67679BFD-9494-4B5C-8E2A-184DE3EECADA}"
EndProject
Project("{FAE04EC0-301F-11D3-BF4B-00C04F79EFBC}") = "DesignPattern", "DesignPattern\DesignPattern.csproj", "{24391B58-66F9-425A-B586-9CFCC62909CF}"
EndProject
Global
	GlobalSection(SolutionConfigurationPlatforms) = preSolution
		Debug|Any CPU = Debug|Any CPU
		Release|Any CPU = Release|Any CPU
	EndGlobalSection
	GlobalSection(ProjectConfigurationPlatforms) = postSolution
		{21871738-4835-44CA-AC5E-AB76F29DF685}.Debug|Any CPU.ActiveCfg = Debug|Any CPU
		{21871738-4835-44CA-AC5E-AB76F29DF685}.Debug|Any CPU.Build.0 = Debug|Any CPU
		{21871738-4835-44CA-AC5E-AB76F29DF685}.Release|Any CPU.ActiveCfg = Release|Any CPU
		{21871738-4835-44CA-AC5E-AB76F29DF685}.Release|Any CPU.Build.0 = Release|Any CPU
		{DEF56041-21A8-4365-8676-4A29A8A5E18D}.Debug|Any CPU.ActiveCfg = Debug|Any CPU
		{DEF56041-21A8-4365-8676-4A29A8A5E18D}.Debug|Any CPU.Build.0 = Debug|Any CPU
		{DEF56041-21A8-4365-8676-4A29A8A5E18D}.Release|Any CPU.ActiveCfg = Release|Any CPU
		{DEF56041-21A8-4365-8676-4A29A8A5E18D}.Release|Any CPU.Build.0 = Release|Any CPU
		{DBEAD6F7-8B6A-460C-B9A4-B29B07A7C3F4}.Debug|Any CPU.ActiveCfg = Debug|Any CPU
		{DBEAD6F7-8B6A-460C-B9A4-B29B07A7C3F4}.Debug|Any CPU.Build.0 = Debug|Any CPU
		{DBEAD6F7-8B6A-460C-B9A4-B29B07A7C3F4}.Release|Any CPU.ActiveCfg = Release|Any CPU
		{DBEAD6F7-8B6A-460C-B9A4-B29B07A7C3F4}.Release|Any CPU.Build.0 = Release|Any CPU
		{730F8529-70EE-46BD-94B4-661B7FB81693}.Debug|Any CPU.ActiveCfg = Debug|Any CPU
		{730F8529-70EE-46BD-94B4-661B7FB81693}.Debug|Any CPU.Build.0 = Debug|Any CPU
		{730F8529-70EE-46BD-94B4-661B7FB81693}.Release|Any CPU.ActiveCfg = Release|Any CPU
		{730F8529-70EE-46BD-94B4-661B7FB81693}.Release|Any CPU.Build.0 = Release|Any CPU
		{243013F4-247E-439C-86F1-234B85CD4283}.Debug|Any CPU.ActiveCfg = Debug|Any CPU
		{243013F4-247E-439C-86F1-234B85CD4283}.Debug|Any CPU.Build.0 = Debug|Any CPU
		{243013F4-247E-439C-86F1-234B85CD4283}.Release|Any CPU.ActiveCfg = Release|Any CPU
		{243013F4-247E-439C-86F1-234B85CD4283}.Release|Any CPU.Build.0 = Release|Any CPU
		{67679BFD-9494-4B5C-8E2A-184DE3EECADA}.Debug|Any CPU.ActiveCfg = Debug|Any CPU
		{67679BFD-9494-4B5C-8E2A-184DE3EECADA}.Debug|Any CPU.Build.0 = Debug|Any CPU
		{67679BFD-9494-4B5C-8E2A-184DE3EECADA}.Release|Any CPU.ActiveCfg = Release|Any CPU
		{67679BFD-9494-4B5C-8E2A-184DE3EECADA}.Release|Any CPU.Build.0 = Release|Any CPU
		{24391B58-66F9-425A-B586-9CFCC62909CF}.Debug|Any CPU.ActiveCfg = Debug|Any CPU
		{24391B58-66F9-425A-B586-9CFCC62909CF}.Debug|Any CPU.Build.0 = Debug|Any CPU
		{24391B58-66F9-425A-B586-9CFCC62909CF}.Release|Any CPU.ActiveCfg = Release|Any CPU
		{24391B58-66F9-425A-B586-9CFCC62909CF}.Release|Any CPU.Build.0 = Release|Any CPU
	EndGlobalSection
	GlobalSection(SolutionProperties) = preSolution
		HideSolutionNode = FALSE
	EndGlobalSection
	GlobalSection(ExtensibilityGlobals) = postSolution
		SolutionGuid = {32FD3ED0-1E2E-448F-A375-99DB16B58FF4}
	EndGlobalSection
EndGlobal
